{
  "name": "zeus.ugent.be",
  "version": "0.0.1",
  "lockfileVersion": 1,
  "requires": true,
  "dependencies": {
    "bulma": {
      "version": "0.7.1",
      "resolved": "https://registry.npmjs.org/bulma/-/bulma-0.7.1.tgz",
      "integrity": "sha512-wRSO2LXB+qI9Pyz2id+uZr4quz5aftSN7Ay1ysr1+krzVp3utD+Ci4CeKuZdrYGc800t65b7heXBL6qw2Wo/lQ=="
    },
    "bulma-divider": {
      "version": "0.0.1",
      "resolved": "https://registry.npmjs.org/bulma-divider/-/bulma-divider-0.0.1.tgz",
      "integrity": "sha1-qcW1TwzgKg6FjTOPTlggN4dRKks="
    }
  }
}
