{
  "name": "zeus.ugent.be",
  "version": "0.0.1",
  "lockfileVersion": 1,
  "requires": true,
  "dependencies": {
    "bulma": {
      "version": "0.5.1",
      "resolved": "https://registry.npmjs.org/bulma/-/bulma-0.5.1.tgz",
      "integrity": "sha1-2ygxyUr+cyJQx7ElJ6e3kqTcnvg="
    },
    "bulma-divider": {
      "version": "0.0.1",
      "resolved": "https://registry.npmjs.org/bulma-divider/-/bulma-divider-0.0.1.tgz",
      "integrity": "sha1-qcW1TwzgKg6FjTOPTlggN4dRKks="
    }
  }
}
