# THIS IS AN AUTOGENERATED FILE. DO NOT EDIT THIS FILE DIRECTLY.
# yarn lockfile v1


bulma-divider@~0.2.0:
  version "0.2.0"
  resolved "https://registry.yarnpkg.com/bulma-divider/-/bulma-divider-0.2.0.tgz#a9b4d9fe8b270c7cb7573023c575062bc62616f3"
  integrity sha512-REe3k56GECRfDaqFjC8cwLhV4RxXmV0RubuzDJqwior9wlJcdHlN0qfW0tvUX+qphikaTQegIeRuhjRIAqkjkw==

bulma-timeline@^3.0.4:
  version "3.0.4"
  resolved "https://registry.yarnpkg.com/bulma-timeline/-/bulma-timeline-3.0.4.tgz#494f458098a06dcf8dcc7fe8f2f158b63d1d1ef2"
  integrity sha512-gCUOcSUuzHoeVMkCpLF49j5Z5yl78XQ+KgJcT+1ju5WIGgBgVytRUob/dw5NHAxPLO2rmcvwYNbCJFp7w4WT4Q==

bulma@0.8.0:
  version "0.8.0"
  resolved "https://registry.yarnpkg.com/bulma/-/bulma-0.8.0.tgz#ac1606431703a4761b18a4a2d5cc1fa864a2aece"
  integrity sha512-nhf3rGyiZh/VM7FrSJ/5KeLlfaFkXz0nYcXriynfPH4vVpnxnqyEwaNGdNCVzHyyCA3cHgkQAMpdF/SFbFGZfA==
